# Prisma Migrate lockfile v1

20200511104515-init
20200511140359-add-sold-date
20200511141724-add-sold-price
20200512125338-add-wide-image
20200512125428-add-wide-image
20200512205536-add-stockx-productid
20200514202608-add-users
20200623123536-make-purchase-date-required
20200915010355-make-user-required-on-sneaker
20201023222819-remove-stockx
20201127011902-add-created-at-and-updated-at-fields
20201127012104-add-created-at-and-updated-at
20201127012143-add-updated-at-and-created-at
20201127032236-sessions